// !$*UTF8*$!
{
	archiveVersion = 1;
	classes = {
	};
	objectVersion = 46;
	objects = {

/* Begin PBXBuildFile section */
		1D2391395A8710F3E85A55 /* UIKit.framework in Frameworks */ = {isa = PBXBuildFile; fileRef = 1D2391395A8710F3E85A54 /* UIKit.framework */; };
		1D2391395A8710F3E85A57 /* Foundation.framework in Frameworks */ = {isa = PBXBuildFile; fileRef = 1D2391395A8710F3E85A56 /* Foundation.framework */; };
		1D2391395A8710F3E85A5F /* InfoPlist.strings in Resources */ = {isa = PBXBuildFile; fileRef = 1D2391395A8710F3E85A5E /* InfoPlist.strings */; };
		1D2391395A8710F3E85A61 /* main.m in Sources */ = {isa = PBXBuildFile; fileRef = 1D2391395A8710F3E85A60 /* main.m */; };
		1D2391395A8710F3E85A65 /* CKAppDelegate.m in Sources */ = {isa = PBXBuildFile; fileRef = 1D2391395A8710F3E85A64 /* CKAppDelegate.m */; };
		1D2391395A8710F3E85A68 /* CKViewController.m in Sources */ = {isa = PBXBuildFile; fileRef = 1D2391395A8710F3E85A67 /* CKViewController.m */; };
		1D2391395A8710F3E85A74 /* QuartzCore.framework in Frameworks */ = {isa = PBXBuildFile; fileRef = 1D2391395A8710F3E85A73 /* QuartzCore.framework */; };
		1D2391395A8710F3E85A76 /* CoreGraphics.framework in Frameworks */ = {isa = PBXBuildFile; fileRef = 1D2391395A8710F3E85A75 /* CoreGraphics.framework */; };
		1D2391395A8710F3E85A85 /* CKCalendarView.m in Sources */ = {isa = PBXBuildFile; fileRef = 1D2391395A8710F3E85A84 /* CKCalendarView.m */; };
		1D2391395A8710F3E85A88 /* left_arrow.png in Resources */ = {isa = PBXBuildFile; fileRef = 1D2391395A8710F3E85A87 /* left_arrow.png */; };
		1D2391395A8710F3E85A8A /* left_arrow@2x.png in Resources */ = {isa = PBXBuildFile; fileRef = 1D2391395A8710F3E85A89 /* left_arrow@2x.png */; };
		1D2391395A8710F3E85A8C /* right_arrow.png in Resources */ = {isa = PBXBuildFile; fileRef = 1D2391395A8710F3E85A8B /* right_arrow.png */; };
		1D2391395A8710F3E85A8E /* right_arrow@2x.png in Resources */ = {isa = PBXBuildFile; fileRef = 1D2391395A8710F3E85A8D /* right_arrow@2x.png */; };
/* End PBXBuildFile section */

/* Begin PBXFileReference section */
		1D2391395A8710F3E85A4B /* Calendar.app */ = {isa = PBXFileReference; explicitFileType = wrapper.application; includeInIndex = 0; path = Calendar.app; sourceTree = BUILT_PRODUCTS_DIR; };
		1D2391395A8710F3E85A54 /* UIKit.framework */ = {isa = PBXFileReference; lastKnownFileType = wrapper.framework; name = UIKit.framework; path = System/Library/Frameworks/UIKit.framework; sourceTree = SDKROOT; };
		1D2391395A8710F3E85A56 /* Foundation.framework */ = {isa = PBXFileReference; lastKnownFileType = wrapper.framework; name = Foundation.framework; path = System/Library/Frameworks/Foundation.framework; sourceTree = SDKROOT; };
		1D2391395A8710F3E85A5C /* Calendar-Info.plist */ = {isa = PBXFileReference; lastKnownFileType = text.plist.info; path = "Calendar-Info.plist"; sourceTree = "<group>"; };
		1D2391395A8710F3E85A5D /* en */ = {isa = PBXFileReference; lastKnownFileType = text.plist.strings; name = en; path = en.lproj/InfoPlist.strings; sourceTree = "<group>"; };
		1D2391395A8710F3E85A60 /* main.m */ = {isa = PBXFileReference; lastKnownFileType = sourcecode.c.objc; path = main.m; sourceTree = "<group>"; };
		1D2391395A8710F3E85A62 /* Calendar-Prefix.pch */ = {isa = PBXFileReference; lastKnownFileType = sourcecode.c.h; path = "Calendar-Prefix.pch"; sourceTree = "<group>"; };
		1D2391395A8710F3E85A63 /* CKAppDelegate.h */ = {isa = PBXFileReference; lastKnownFileType = sourcecode.c.h; path = CKAppDelegate.h; sourceTree = "<group>"; };
		1D2391395A8710F3E85A64 /* CKAppDelegate.m */ = {isa = PBXFileReference; lastKnownFileType = sourcecode.c.objc; path = CKAppDelegate.m; sourceTree = "<group>"; };
		1D2391395A8710F3E85A66 /* CKViewController.h */ = {isa = PBXFileReference; lastKnownFileType = sourcecode.c.h; path = CKViewController.h; sourceTree = "<group>"; };
		1D2391395A8710F3E85A67 /* CKViewController.m */ = {isa = PBXFileReference; lastKnownFileType = sourcecode.c.objc; path = CKViewController.m; sourceTree = "<group>"; };
		1D2391395A8710F3E85A73 /* QuartzCore.framework */ = {isa = PBXFileReference; lastKnownFileType = wrapper.framework; name = QuartzCore.framework; path = System/Library/Frameworks/QuartzCore.framework; sourceTree = SDKROOT; };
		1D2391395A8710F3E85A75 /* CoreGraphics.framework */ = {isa = PBXFileReference; lastKnownFileType = wrapper.framework; name = CoreGraphics.framework; path = System/Library/Frameworks/CoreGraphics.framework; sourceTree = SDKROOT; };
		1D2391395A8710F3E85A83 /* CKCalendarView.h */ = {isa = PBXFileReference; fileEncoding = 4; lastKnownFileType = sourcecode.c.h; name = CKCalendarView.h; path = ../../Source/CKCalendarView.h; sourceTree = "<group>"; };
		1D2391395A8710F3E85A84 /* CKCalendarView.m */ = {isa = PBXFileReference; fileEncoding = 4; lastKnownFileType = sourcecode.c.objc; name = CKCalendarView.m; path = ../../Source/CKCalendarView.m; sourceTree = "<group>"; };
		1D2391395A8710F3E85A87 /* left_arrow.png */ = {isa = PBXFileReference; lastKnownFileType = image.png; name = left_arrow.png; path = ../../Source/resources/left_arrow.png; sourceTree = "<group>"; };
		1D2391395A8710F3E85A89 /* left_arrow@2x.png */ = {isa = PBXFileReference; lastKnownFileType = image.png; name = "left_arrow@2x.png"; path = "../../Source/resources/left_arrow@2x.png"; sourceTree = "<group>"; };
		1D2391395A8710F3E85A8B /* right_arrow.png */ = {isa = PBXFileReference; lastKnownFileType = image.png; name = right_arrow.png; path = ../../Source/resources/right_arrow.png; sourceTree = "<group>"; };
		1D2391395A8710F3E85A8D /* right_arrow@2x.png */ = {isa = PBXFileReference; lastKnownFileType = image.png; name = "right_arrow@2x.png"; path = "../../Source/resources/right_arrow@2x.png"; sourceTree = "<group>"; };
/* End PBXFileReference section */

/* Begin PBXFrameworksBuildPhase section */
		1D2391395A8710F3E85A51 /* Frameworks */ = {
			isa = PBXFrameworksBuildPhase;
			buildActionMask = 2147483647;
			files = (
				1D2391395A8710F3E85A55 /* UIKit.framework in Frameworks */,
				1D2391395A8710F3E85A57 /* Foundation.framework in Frameworks */,
				1D2391395A8710F3E85A74 /* QuartzCore.framework in Frameworks */,
				1D2391395A8710F3E85A76 /* CoreGraphics.framework in Frameworks */,
			);
			runOnlyForDeploymentPostprocessing = 0;
		};
/* End PBXFrameworksBuildPhase section */

/* Begin PBXGroup section */
		1D2391395A8710F3E85A47 = {
			isa = PBXGroup;
			children = (
				1D2391395A8710F3E85A48 /* Products */,
				1D2391395A8710F3E85A53 /* Frameworks */,
				1D2391395A8710F3E85A5A /* Calendar */,
			);
			sourceTree = "<group>";
		};
		1D2391395A8710F3E85A48 /* Products */ = {
			isa = PBXGroup;
			children = (
				1D2391395A8710F3E85A4B /* Calendar.app */,
			);
			name = Products;
			sourceTree = "<group>";
		};
		1D2391395A8710F3E85A53 /* Frameworks */ = {
			isa = PBXGroup;
			children = (
				1D2391395A8710F3E85A75 /* CoreGraphics.framework */,
				1D2391395A8710F3E85A73 /* QuartzCore.framework */,
				1D2391395A8710F3E85A56 /* Foundation.framework */,
				1D2391395A8710F3E85A54 /* UIKit.framework */,
			);
			name = Frameworks;
			sourceTree = "<group>";
		};
		1D2391395A8710F3E85A5A /* Calendar */ = {
			isa = PBXGroup;
			children = (
				1D2391395A8710F3E85A84 /* CKCalendarView.m */,
				1D2391395A8710F3E85A83 /* CKCalendarView.h */,
				1D2391395A8710F3E85A67 /* CKViewController.m */,
				1D2391395A8710F3E85A66 /* CKViewController.h */,
				1D2391395A8710F3E85A64 /* CKAppDelegate.m */,
				1D2391395A8710F3E85A63 /* CKAppDelegate.h */,
				1D2391395A8710F3E85A5B /* Supporting Files */,
				1D2391395A8710F3E85A86 /* resources */,
			);
			path = Calendar;
			sourceTree = "<group>";
		};
		1D2391395A8710F3E85A5B /* Supporting Files */ = {
			isa = PBXGroup;
			children = (
				1D2391395A8710F3E85A62 /* Calendar-Prefix.pch */,
				1D2391395A8710F3E85A60 /* main.m */,
				1D2391395A8710F3E85A5E /* InfoPlist.strings */,
				1D2391395A8710F3E85A5C /* Calendar-Info.plist */,
			);
			name = "Supporting Files";
			sourceTree = "<group>";
		};
		1D2391395A8710F3E85A86 /* resources */ = {
			isa = PBXGroup;
			children = (
				1D2391395A8710F3E85A8D /* right_arrow@2x.png */,
				1D2391395A8710F3E85A8B /* right_arrow.png */,
				1D2391395A8710F3E85A89 /* left_arrow@2x.png */,
				1D2391395A8710F3E85A87 /* left_arrow.png */,
			);
			name = resources;
			sourceTree = "<group>";
		};
/* End PBXGroup section */

/* Begin PBXNativeTarget section */
		1D2391395A8710F3E85A4C /* Calendar */ = {
			isa = PBXNativeTarget;
			buildConfigurationList = 1D2391395A8710F3E85A4D /* Build configuration list for PBXNativeTarget "Calendar" */;
			buildPhases = (
				1D2391395A8710F3E85A50 /* Sources */,
				1D2391395A8710F3E85A51 /* Frameworks */,
				1D2391395A8710F3E85A52 /* Resources */,
			);
			buildRules = (
			);
			dependencies = (
			);
			name = Calendar;
			productName = Calendar;
			productReference = 1D2391395A8710F3E85A4B /* Calendar.app */;
			productType = "com.apple.product-type.application";
		};
/* End PBXNativeTarget section */

/* Begin PBXProject section */
		001D2391395A8710F3E85A45 /* Project object */ = {
			isa = PBXProject;
			buildConfigurationList = 1D2391395A8710F3E85A46 /* Build configuration list for PBXProject "Calendar" */;
			compatibilityVersion = "Xcode 3.2";
			developmentRegion = English;
			hasScannedForEncodings = 0;
			knownRegions = (
				en,
			);
			mainGroup = 1D2391395A8710F3E85A47;
			productRefGroup = 1D2391395A8710F3E85A48 /* Products */;
			projectDirPath = "";
			projectRoot = "";
			targets = (
				1D2391395A8710F3E85A4C /* Calendar */,
			);
		};
/* End PBXProject section */

/* Begin PBXResourcesBuildPhase section */
		1D2391395A8710F3E85A52 /* Resources */ = {
			isa = PBXResourcesBuildPhase;
			buildActionMask = 2147483647;
			files = (
				1D2391395A8710F3E85A5F /* InfoPlist.strings in Resources */,
				1D2391395A8710F3E85A88 /* left_arrow.png in Resources */,
				1D2391395A8710F3E85A8A /* left_arrow@2x.png in Resources */,
				1D2391395A8710F3E85A8C /* right_arrow.png in Resources */,
				1D2391395A8710F3E85A8E /* right_arrow@2x.png in Resources */,
			);
			runOnlyForDeploymentPostprocessing = 0;
		};
/* End PBXResourcesBuildPhase section */

/* Begin PBXSourcesBuildPhase section */
		1D2391395A8710F3E85A50 /* Sources */ = {
			isa = PBXSourcesBuildPhase;
			buildActionMask = 2147483647;
			files = (
				1D2391395A8710F3E85A61 /* main.m in Sources */,
				1D2391395A8710F3E85A65 /* CKAppDelegate.m in Sources */,
				1D2391395A8710F3E85A68 /* CKViewController.m in Sources */,
				1D2391395A8710F3E85A85 /* CKCalendarView.m in Sources */,
			);
			runOnlyForDeploymentPostprocessing = 0;
		};
/* End PBXSourcesBuildPhase section */

/* Begin PBXVariantGroup section */
		1D2391395A8710F3E85A5E /* InfoPlist.strings */ = {
			isa = PBXVariantGroup;
			children = (
				1D2391395A8710F3E85A5D /* en */,
			);
			name = InfoPlist.strings;
			sourceTree = "<group>";
		};
/* End PBXVariantGroup section */

/* Begin XCBuildConfiguration section */
		1D2391395A8710F3E85A49 /* Release */ = {
			isa = XCBuildConfiguration;
			buildSettings = {
				ALWAYS_SEARCH_USER_PATHS = NO;
				ARCHS = "$(ARCHS_STANDARD_32_BIT)";
				CLANG_ENABLE_OBJC_ARC = YES;
				"CODE_SIGN_IDENTITY[sdk=iphoneos*]" = "iPhone Developer";
				COPY_PHASE_STRIP = YES;
				GCC_C_LANGUAGE_STANDARD = gnu99;
				GCC_VERSION = com.apple.compilers.llvm.clang.1_0;
				GCC_WARN_ABOUT_RETURN_TYPE = YES;
				GCC_WARN_UNINITIALIZED_AUTOS = YES;
				GCC_WARN_UNUSED_VARIABLE = YES;
				IPHONEOS_DEPLOYMENT_TARGET = 5.1;
				OTHER_CFLAGS = "-DNS_BLOCK_ASSERTIONS=1";
				SDKROOT = iphoneos;
				TARGETED_DEVICE_FAMILY = "1,2";
				VALIDATE_PRODUCT = YES;
			};
			name = Release;
		};
		1D2391395A8710F3E85A4A /* Debug */ = {
			isa = XCBuildConfiguration;
			buildSettings = {
				ALWAYS_SEARCH_USER_PATHS = NO;
				ARCHS = "$(ARCHS_STANDARD_32_BIT)";
				CLANG_ENABLE_OBJC_ARC = YES;
				"CODE_SIGN_IDENTITY[sdk=iphoneos*]" = "iPhone Developer";
				COPY_PHASE_STRIP = NO;
				GCC_C_LANGUAGE_STANDARD = gnu99;
				GCC_DYNAMIC_NO_PIC = NO;
				GCC_OPTIMIZATION_LEVEL = 0;
				GCC_PREPROCESSOR_DEFINITIONS = (
					"DEBUG=1",
					"$(inherited)",
				);
				GCC_SYMBOLS_PRIVATE_EXTERN = NO;
				GCC_VERSION = com.apple.compilers.llvm.clang.1_0;
				GCC_WARN_ABOUT_RETURN_TYPE = YES;
				GCC_WARN_UNINITIALIZED_AUTOS = YES;
				GCC_WARN_UNUSED_VARIABLE = YES;
				IPHONEOS_DEPLOYMENT_TARGET = 5.1;
				SDKROOT = iphoneos;
				TARGETED_DEVICE_FAMILY = "1,2";
			};
			name = Debug;
		};
		1D2391395A8710F3E85A4E /* Release */ = {
			isa = XCBuildConfiguration;
			buildSettings = {
				GCC_PRECOMPILE_PREFIX_HEADER = YES;
				GCC_PREFIX_HEADER = "Calendar/Calendar-Prefix.pch";
				INFOPLIST_FILE = "Calendar/Calendar-Info.plist";
				PRODUCT_NAME = "$(TARGET_NAME)";
				WRAPPER_EXTENSION = app;
			};
			name = Release;
		};
		1D2391395A8710F3E85A4F /* Debug */ = {
			isa = XCBuildConfiguration;
			buildSettings = {
				GCC_PRECOMPILE_PREFIX_HEADER = YES;
				GCC_PREFIX_HEADER = "Calendar/Calendar-Prefix.pch";
				INFOPLIST_FILE = "Calendar/Calendar-Info.plist";
				PRODUCT_NAME = "$(TARGET_NAME)";
				WRAPPER_EXTENSION = app;
			};
			name = Debug;
		};
/* End XCBuildConfiguration section */

/* Begin XCConfigurationList section */
		1D2391395A8710F3E85A46 /* Build configuration list for PBXProject "Calendar" */ = {
			isa = XCConfigurationList;
			buildConfigurations = (
				1D2391395A8710F3E85A49 /* Release */,
				1D2391395A8710F3E85A4A /* Debug */,
			);
			defaultConfigurationIsVisible = 0;
			defaultConfigurationName = Release;
		};
		1D2391395A8710F3E85A4D /* Build configuration list for PBXNativeTarget "Calendar" */ = {
			isa = XCConfigurationList;
			buildConfigurations = (
				1D2391395A8710F3E85A4E /* Release */,
				1D2391395A8710F3E85A4F /* Debug */,
			);
			defaultConfigurationIsVisible = 0;
		};
/* End XCConfigurationList section */
	};
	rootObject = 001D2391395A8710F3E85A45 /* Project object */;
}
